// !$*UTF8*$!
{
	archiveVersion = 1;
	classes = {
	};
	objectVersion = 46;
	objects = {

/* Begin PBXBuildFile section */
		5A317CFC1925465B00A817E5 /* MainViewController.m in Sources */ = {isa = PBXBuildFile; fileRef = 5A317CFB1925465B00A817E5 /* MainViewController.m */; };
		5A317D02192A002100A817E5 /* ToFirstSegue.m in Sources */ = {isa = PBXBuildFile; fileRef = 5A317D01192A002100A817E5 /* ToFirstSegue.m */; };
		5A317D05192A5A4700A817E5 /* TracingViewController.m in Sources */ = {isa = PBXBuildFile; fileRef = 5A317D04192A5A4700A817E5 /* TracingViewController.m */; };
		5ACD61A8193352EC00EF5610 /* ToTracingSegue.m in Sources */ = {isa = PBXBuildFile; fileRef = 5ACD61A7193352EC00EF5610 /* ToTracingSegue.m */; };
		5AFFC9A4191037B6000B2220 /* Foundation.framework in Frameworks */ = {isa = PBXBuildFile; fileRef = 5AFFC9A3191037B6000B2220 /* Foundation.framework */; };
		5AFFC9A6191037B6000B2220 /* CoreGraphics.framework in Frameworks */ = {isa = PBXBuildFile; fileRef = 5AFFC9A5191037B6000B2220 /* CoreGraphics.framework */; };
		5AFFC9A8191037B6000B2220 /* UIKit.framework in Frameworks */ = {isa = PBXBuildFile; fileRef = 5AFFC9A7191037B6000B2220 /* UIKit.framework */; };
		5AFFC9AE191037B7000B2220 /* InfoPlist.strings in Resources */ = {isa = PBXBuildFile; fileRef = 5AFFC9AC191037B7000B2220 /* InfoPlist.strings */; };
		5AFFC9B0191037B7000B2220 /* main.m in Sources */ = {isa = PBXBuildFile; fileRef = 5AFFC9AF191037B7000B2220 /* main.m */; };
		5AFFC9B4191037B7000B2220 /* AppDelegate.m in Sources */ = {isa = PBXBuildFile; fileRef = 5AFFC9B3191037B7000B2220 /* AppDelegate.m */; };
		5AFFC9BA191037B7000B2220 /* HomeViewController.m in Sources */ = {isa = PBXBuildFile; fileRef = 5AFFC9B9191037B7000B2220 /* HomeViewController.m */; };
		5AFFC9BC191037B7000B2220 /* Images.xcassets in Resources */ = {isa = PBXBuildFile; fileRef = 5AFFC9BB191037B7000B2220 /* Images.xcassets */; };
		5AFFC9C3191037B7000B2220 /* XCTest.framework in Frameworks */ = {isa = PBXBuildFile; fileRef = 5AFFC9C2191037B7000B2220 /* XCTest.framework */; };
		5AFFC9C4191037B7000B2220 /* Foundation.framework in Frameworks */ = {isa = PBXBuildFile; fileRef = 5AFFC9A3191037B6000B2220 /* Foundation.framework */; };
		5AFFC9C5191037B7000B2220 /* UIKit.framework in Frameworks */ = {isa = PBXBuildFile; fileRef = 5AFFC9A7191037B6000B2220 /* UIKit.framework */; };
		5AFFC9CD191037B7000B2220 /* InfoPlist.strings in Resources */ = {isa = PBXBuildFile; fileRef = 5AFFC9CB191037B7000B2220 /* InfoPlist.strings */; };
		5AFFC9CF191037B7000B2220 /* fundamayTests.m in Sources */ = {isa = PBXBuildFile; fileRef = 5AFFC9CE191037B7000B2220 /* fundamayTests.m */; };
		5AFFCA2719173B17000B2220 /* Main.storyboard in Resources */ = {isa = PBXBuildFile; fileRef = 5AFFCA2519173B17000B2220 /* Main.storyboard */; };
/* End PBXBuildFile section */

/* Begin PBXContainerItemProxy section */
		5AFFC9C6191037B7000B2220 /* PBXContainerItemProxy */ = {
			isa = PBXContainerItemProxy;
			containerPortal = 5AFFC998191037B6000B2220 /* Project object */;
			proxyType = 1;
			remoteGlobalIDString = 5AFFC99F191037B6000B2220;
			remoteInfo = fundamay;
		};
/* End PBXContainerItemProxy section */

/* Begin PBXFileReference section */
		5A317CFA1925465B00A817E5 /* MainViewController.h */ = {isa = PBXFileReference; fileEncoding = 4; lastKnownFileType = sourcecode.c.h; path = MainViewController.h; sourceTree = "<group>"; };
		5A317CFB1925465B00A817E5 /* MainViewController.m */ = {isa = PBXFileReference; fileEncoding = 4; lastKnownFileType = sourcecode.c.objc; path = MainViewController.m; sourceTree = "<group>"; };
		5A317D00192A002100A817E5 /* ToFirstSegue.h */ = {isa = PBXFileReference; fileEncoding = 4; lastKnownFileType = sourcecode.c.h; path = ToFirstSegue.h; sourceTree = "<group>"; };
		5A317D01192A002100A817E5 /* ToFirstSegue.m */ = {isa = PBXFileReference; fileEncoding = 4; lastKnownFileType = sourcecode.c.objc; path = ToFirstSegue.m; sourceTree = "<group>"; };
		5A317D03192A5A4700A817E5 /* TracingViewController.h */ = {isa = PBXFileReference; fileEncoding = 4; lastKnownFileType = sourcecode.c.h; path = TracingViewController.h; sourceTree = "<group>"; };
		5A317D04192A5A4700A817E5 /* TracingViewController.m */ = {isa = PBXFileReference; fileEncoding = 4; lastKnownFileType = sourcecode.c.objc; path = TracingViewController.m; sourceTree = "<group>"; };
		5ACD61A6193352EC00EF5610 /* ToTracingSegue.h */ = {isa = PBXFileReference; fileEncoding = 4; lastKnownFileType = sourcecode.c.h; path = ToTracingSegue.h; sourceTree = "<group>"; };
		5ACD61A7193352EC00EF5610 /* ToTracingSegue.m */ = {isa = PBXFileReference; fileEncoding = 4; lastKnownFileType = sourcecode.c.objc; path = ToTracingSegue.m; sourceTree = "<group>"; };
		5AFFC9A0191037B6000B2220 /* fundamay.app */ = {isa = PBXFileReference; explicitFileType = wrapper.application; includeInIndex = 0; path = fundamay.app; sourceTree = BUILT_PRODUCTS_DIR; };
		5AFFC9A3191037B6000B2220 /* Foundation.framework */ = {isa = PBXFileReference; lastKnownFileType = wrapper.framework; name = Foundation.framework; path = System/Library/Frameworks/Foundation.framework; sourceTree = SDKROOT; };
		5AFFC9A5191037B6000B2220 /* CoreGraphics.framework */ = {isa = PBXFileReference; lastKnownFileType = wrapper.framework; name = CoreGraphics.framework; path = System/Library/Frameworks/CoreGraphics.framework; sourceTree = SDKROOT; };
		5AFFC9A7191037B6000B2220 /* UIKit.framework */ = {isa = PBXFileReference; lastKnownFileType = wrapper.framework; name = UIKit.framework; path = System/Library/Frameworks/UIKit.framework; sourceTree = SDKROOT; };
		5AFFC9AB191037B7000B2220 /* fundamay-Info.plist */ = {isa = PBXFileReference; lastKnownFileType = text.plist.xml; path = "fundamay-Info.plist"; sourceTree = "<group>"; };
		5AFFC9AD191037B7000B2220 /* en */ = {isa = PBXFileReference; lastKnownFileType = text.plist.strings; name = en; path = en.lproj/InfoPlist.strings; sourceTree = "<group>"; };
		5AFFC9AF191037B7000B2220 /* main.m */ = {isa = PBXFileReference; lastKnownFileType = sourcecode.c.objc; path = main.m; sourceTree = "<group>"; };
		5AFFC9B1191037B7000B2220 /* fundamay-Prefix.pch */ = {isa = PBXFileReference; lastKnownFileType = sourcecode.c.h; path = "fundamay-Prefix.pch"; sourceTree = "<group>"; };
		5AFFC9B2191037B7000B2220 /* AppDelegate.h */ = {isa = PBXFileReference; lastKnownFileType = sourcecode.c.h; path = AppDelegate.h; sourceTree = "<group>"; };
		5AFFC9B3191037B7000B2220 /* AppDelegate.m */ = {isa = PBXFileReference; lastKnownFileType = sourcecode.c.objc; path = AppDelegate.m; sourceTree = "<group>"; };
		5AFFC9B8191037B7000B2220 /* HomeViewController.h */ = {isa = PBXFileReference; lastKnownFileType = sourcecode.c.h; path = HomeViewController.h; sourceTree = "<group>"; };
		5AFFC9B9191037B7000B2220 /* HomeViewController.m */ = {isa = PBXFileReference; lastKnownFileType = sourcecode.c.objc; path = HomeViewController.m; sourceTree = "<group>"; };
		5AFFC9BB191037B7000B2220 /* Images.xcassets */ = {isa = PBXFileReference; lastKnownFileType = folder.assetcatalog; path = Images.xcassets; sourceTree = "<group>"; };
		5AFFC9C1191037B7000B2220 /* fundamayTests.xctest */ = {isa = PBXFileReference; explicitFileType = wrapper.cfbundle; includeInIndex = 0; path = fundamayTests.xctest; sourceTree = BUILT_PRODUCTS_DIR; };
		5AFFC9C2191037B7000B2220 /* XCTest.framework */ = {isa = PBXFileReference; lastKnownFileType = wrapper.framework; name = XCTest.framework; path = Library/Frameworks/XCTest.framework; sourceTree = DEVELOPER_DIR; };
		5AFFC9CA191037B7000B2220 /* fundamayTests-Info.plist */ = {isa = PBXFileReference; lastKnownFileType = text.plist.xml; path = "fundamayTests-Info.plist"; sourceTree = "<group>"; };
		5AFFC9CC191037B7000B2220 /* en */ = {isa = PBXFileReference; lastKnownFileType = text.plist.strings; name = en; path = en.lproj/InfoPlist.strings; sourceTree = "<group>"; };
		5AFFC9CE191037B7000B2220 /* fundamayTests.m */ = {isa = PBXFileReference; lastKnownFileType = sourcecode.c.objc; path = fundamayTests.m; sourceTree = "<group>"; };
		5AFFCA2619173B17000B2220 /* Base */ = {isa = PBXFileReference; lastKnownFileType = file.storyboard; name = Base; path = Base.lproj/Main.storyboard; sourceTree = "<group>"; };
/* End PBXFileReference section */

/* Begin PBXFrameworksBuildPhase section */
		5AFFC99D191037B6000B2220 /* Frameworks */ = {
			isa = PBXFrameworksBuildPhase;
			buildActionMask = 2147483647;
			files = (
				5AFFC9A6191037B6000B2220 /* CoreGraphics.framework in Frameworks */,
				5AFFC9A8191037B6000B2220 /* UIKit.framework in Frameworks */,
				5AFFC9A4191037B6000B2220 /* Foundation.framework in Frameworks */,
			);
			runOnlyForDeploymentPostprocessing = 0;
		};
		5AFFC9BE191037B7000B2220 /* Frameworks */ = {
			isa = PBXFrameworksBuildPhase;
			buildActionMask = 2147483647;
			files = (
				5AFFC9C3191037B7000B2220 /* XCTest.framework in Frameworks */,
				5AFFC9C5191037B7000B2220 /* UIKit.framework in Frameworks */,
				5AFFC9C4191037B7000B2220 /* Foundation.framework in Frameworks */,
			);
			runOnlyForDeploymentPostprocessing = 0;
		};
/* End PBXFrameworksBuildPhase section */

/* Begin PBXGroup section */
		5A317D0C192B648700A817E5 /* HomeViewController */ = {
			isa = PBXGroup;
			children = (
				5AFFC9B8191037B7000B2220 /* HomeViewController.h */,
				5AFFC9B9191037B7000B2220 /* HomeViewController.m */,
				5A317D00192A002100A817E5 /* ToFirstSegue.h */,
				5A317D01192A002100A817E5 /* ToFirstSegue.m */,
			);
			name = HomeViewController;
			sourceTree = "<group>";
		};
		5A317D0D192B649D00A817E5 /* MainViewController */ = {
			isa = PBXGroup;
			children = (
				5A317CFA1925465B00A817E5 /* MainViewController.h */,
				5A317CFB1925465B00A817E5 /* MainViewController.m */,
				5ACD61A6193352EC00EF5610 /* ToTracingSegue.h */,
				5ACD61A7193352EC00EF5610 /* ToTracingSegue.m */,
			);
			name = MainViewController;
			sourceTree = "<group>";
		};
		5A317D0E192B64FC00A817E5 /* TracingViewController */ = {
			isa = PBXGroup;
			children = (
				5A317D03192A5A4700A817E5 /* TracingViewController.h */,
				5A317D04192A5A4700A817E5 /* TracingViewController.m */,
			);
			name = TracingViewController;
			sourceTree = "<group>";
		};
		5AFFC997191037B6000B2220 = {
			isa = PBXGroup;
			children = (
				5AFFC9A9191037B7000B2220 /* fundamay */,
				5AFFC9C8191037B7000B2220 /* fundamayTests */,
				5AFFC9A2191037B6000B2220 /* Frameworks */,
				5AFFC9A1191037B6000B2220 /* Products */,
			);
			sourceTree = "<group>";
		};
		5AFFC9A1191037B6000B2220 /* Products */ = {
			isa = PBXGroup;
			children = (
				5AFFC9A0191037B6000B2220 /* fundamay.app */,
				5AFFC9C1191037B7000B2220 /* fundamayTests.xctest */,
			);
			name = Products;
			sourceTree = "<group>";
		};
		5AFFC9A2191037B6000B2220 /* Frameworks */ = {
			isa = PBXGroup;
			children = (
				5AFFC9A3191037B6000B2220 /* Foundation.framework */,
				5AFFC9A5191037B6000B2220 /* CoreGraphics.framework */,
				5AFFC9A7191037B6000B2220 /* UIKit.framework */,
				5AFFC9C2191037B7000B2220 /* XCTest.framework */,
			);
			name = Frameworks;
			sourceTree = "<group>";
		};
		5AFFC9A9191037B7000B2220 /* fundamay */ = {
			isa = PBXGroup;
			children = (
				5AFFC9B2191037B7000B2220 /* AppDelegate.h */,
				5AFFC9B3191037B7000B2220 /* AppDelegate.m */,
				5A317D0C192B648700A817E5 /* HomeViewController */,
				5A317D0D192B649D00A817E5 /* MainViewController */,
				5A317D0E192B64FC00A817E5 /* TracingViewController */,
				5AFFCA2519173B17000B2220 /* Main.storyboard */,
				5AFFC9BB191037B7000B2220 /* Images.xcassets */,
				5AFFC9AA191037B7000B2220 /* Supporting Files */,
			);
			path = fundamay;
			sourceTree = "<group>";
		};
		5AFFC9AA191037B7000B2220 /* Supporting Files */ = {
			isa = PBXGroup;
			children = (
				5AFFC9AB191037B7000B2220 /* fundamay-Info.plist */,
				5AFFC9AC191037B7000B2220 /* InfoPlist.strings */,
				5AFFC9AF191037B7000B2220 /* main.m */,
				5AFFC9B1191037B7000B2220 /* fundamay-Prefix.pch */,
			);
			name = "Supporting Files";
			sourceTree = "<group>";
		};
		5AFFC9C8191037B7000B2220 /* fundamayTests */ = {
			isa = PBXGroup;
			children = (
				5AFFC9CE191037B7000B2220 /* fundamayTests.m */,
				5AFFC9C9191037B7000B2220 /* Supporting Files */,
			);
			path = fundamayTests;
			sourceTree = "<group>";
		};
		5AFFC9C9191037B7000B2220 /* Supporting Files */ = {
			isa = PBXGroup;
			children = (
				5AFFC9CA191037B7000B2220 /* fundamayTests-Info.plist */,
				5AFFC9CB191037B7000B2220 /* InfoPlist.strings */,
			);
			name = "Supporting Files";
			sourceTree = "<group>";
		};
/* End PBXGroup section */

/* Begin PBXNativeTarget section */
		5AFFC99F191037B6000B2220 /* fundamay */ = {
			isa = PBXNativeTarget;
			buildConfigurationList = 5AFFC9D2191037B7000B2220 /* Build configuration list for PBXNativeTarget "fundamay" */;
			buildPhases = (
				5AFFC99C191037B6000B2220 /* Sources */,
				5AFFC99D191037B6000B2220 /* Frameworks */,
				5AFFC99E191037B6000B2220 /* Resources */,
			);
			buildRules = (
			);
			dependencies = (
			);
			name = fundamay;
			productName = fundamay;
			productReference = 5AFFC9A0191037B6000B2220 /* fundamay.app */;
			productType = "com.apple.product-type.application";
		};
		5AFFC9C0191037B7000B2220 /* fundamayTests */ = {
			isa = PBXNativeTarget;
			buildConfigurationList = 5AFFC9D5191037B7000B2220 /* Build configuration list for PBXNativeTarget "fundamayTests" */;
			buildPhases = (
				5AFFC9BD191037B7000B2220 /* Sources */,
				5AFFC9BE191037B7000B2220 /* Frameworks */,
				5AFFC9BF191037B7000B2220 /* Resources */,
			);
			buildRules = (
			);
			dependencies = (
				5AFFC9C7191037B7000B2220 /* PBXTargetDependency */,
			);
			name = fundamayTests;
			productName = fundamayTests;
			productReference = 5AFFC9C1191037B7000B2220 /* fundamayTests.xctest */;
			productType = "com.apple.product-type.bundle.unit-test";
		};
/* End PBXNativeTarget section */

/* Begin PBXProject section */
		5AFFC998191037B6000B2220 /* Project object */ = {
			isa = PBXProject;
			attributes = {
				LastUpgradeCheck = 0510;
				ORGANIZATIONNAME = TitiAnt;
				TargetAttributes = {
					5AFFC9C0191037B7000B2220 = {
						TestTargetID = 5AFFC99F191037B6000B2220;
					};
				};
			};
			buildConfigurationList = 5AFFC99B191037B6000B2220 /* Build configuration list for PBXProject "fundamay" */;
			compatibilityVersion = "Xcode 3.2";
			developmentRegion = English;
			hasScannedForEncodings = 0;
			knownRegions = (
				en,
				Base,
			);
			mainGroup = 5AFFC997191037B6000B2220;
			productRefGroup = 5AFFC9A1191037B6000B2220 /* Products */;
			projectDirPath = "";
			projectRoot = "";
			targets = (
				5AFFC99F191037B6000B2220 /* fundamay */,
				5AFFC9C0191037B7000B2220 /* fundamayTests */,
			);
		};
/* End PBXProject section */

/* Begin PBXResourcesBuildPhase section */
		5AFFC99E191037B6000B2220 /* Resources */ = {
			isa = PBXResourcesBuildPhase;
			buildActionMask = 2147483647;
			files = (
				5AFFCA2719173B17000B2220 /* Main.storyboard in Resources */,
				5AFFC9BC191037B7000B2220 /* Images.xcassets in Resources */,
				5AFFC9AE191037B7000B2220 /* InfoPlist.strings in Resources */,
			);
			runOnlyForDeploymentPostprocessing = 0;
		};
		5AFFC9BF191037B7000B2220 /* Resources */ = {
			isa = PBXResourcesBuildPhase;
			buildActionMask = 2147483647;
			files = (
				5AFFC9CD191037B7000B2220 /* InfoPlist.strings in Resources */,
			);
			runOnlyForDeploymentPostprocessing = 0;
		};
/* End PBXResourcesBuildPhase section */

/* Begin PBXSourcesBuildPhase section */
		5AFFC99C191037B6000B2220 /* Sources */ = {
			isa = PBXSourcesBuildPhase;
			buildActionMask = 2147483647;
			files = (
				5AFFC9BA191037B7000B2220 /* HomeViewController.m in Sources */,
				5ACD61A8193352EC00EF5610 /* ToTracingSegue.m in Sources */,
				5AFFC9B4191037B7000B2220 /* AppDelegate.m in Sources */,
				5A317D02192A002100A817E5 /* ToFirstSegue.m in Sources */,
				5AFFC9B0191037B7000B2220 /* main.m in Sources */,
				5A317CFC1925465B00A817E5 /* MainViewController.m in Sources */,
				5A317D05192A5A4700A817E5 /* TracingViewController.m in Sources */,
			);
			runOnlyForDeploymentPostprocessing = 0;
		};
		5AFFC9BD191037B7000B2220 /* Sources */ = {
			isa = PBXSourcesBuildPhase;
			buildActionMask = 2147483647;
			files = (
				5AFFC9CF191037B7000B2220 /* fundamayTests.m in Sources */,
			);
			runOnlyForDeploymentPostprocessing = 0;
		};
/* End PBXSourcesBuildPhase section */

/* Begin PBXTargetDependency section */
		5AFFC9C7191037B7000B2220 /* PBXTargetDependency */ = {
			isa = PBXTargetDependency;
			target = 5AFFC99F191037B6000B2220 /* fundamay */;
			targetProxy = 5AFFC9C6191037B7000B2220 /* PBXContainerItemProxy */;
		};
/* End PBXTargetDependency section */

/* Begin PBXVariantGroup section */
		5AFFC9AC191037B7000B2220 /* InfoPlist.strings */ = {
			isa = PBXVariantGroup;
			children = (
				5AFFC9AD191037B7000B2220 /* en */,
			);
			name = InfoPlist.strings;
			sourceTree = "<group>";
		};
		5AFFC9CB191037B7000B2220 /* InfoPlist.strings */ = {
			isa = PBXVariantGroup;
			children = (
				5AFFC9CC191037B7000B2220 /* en */,
			);
			name = InfoPlist.strings;
			sourceTree = "<group>";
		};
		5AFFCA2519173B17000B2220 /* Main.storyboard */ = {
			isa = PBXVariantGroup;
			children = (
				5AFFCA2619173B17000B2220 /* Base */,
			);
			name = Main.storyboard;
			sourceTree = "<group>";
		};
/* End PBXVariantGroup section */

/* Begin XCBuildConfiguration section */
		5AFFC9D0191037B7000B2220 /* Debug */ = {
			isa = XCBuildConfiguration;
			buildSettings = {
				ALWAYS_SEARCH_USER_PATHS = NO;
				CLANG_CXX_LANGUAGE_STANDARD = "gnu++0x";
				CLANG_CXX_LIBRARY = "libc++";
				CLANG_ENABLE_MODULES = YES;
				CLANG_ENABLE_OBJC_ARC = YES;
				CLANG_WARN_BOOL_CONVERSION = YES;
				CLANG_WARN_CONSTANT_CONVERSION = YES;
				CLANG_WARN_DIRECT_OBJC_ISA_USAGE = YES_ERROR;
				CLANG_WARN_EMPTY_BODY = YES;
				CLANG_WARN_ENUM_CONVERSION = YES;
				CLANG_WARN_INT_CONVERSION = YES;
				CLANG_WARN_OBJC_ROOT_CLASS = YES_ERROR;
				CLANG_WARN__DUPLICATE_METHOD_MATCH = YES;
				"CODE_SIGN_IDENTITY[sdk=iphoneos*]" = "iPhone Developer";
				COPY_PHASE_STRIP = NO;
				GCC_C_LANGUAGE_STANDARD = gnu99;
				GCC_DYNAMIC_NO_PIC = NO;
				GCC_OPTIMIZATION_LEVEL = 0;
				GCC_PREPROCESSOR_DEFINITIONS = (
					"DEBUG=1",
					"$(inherited)",
				);
				GCC_SYMBOLS_PRIVATE_EXTERN = NO;
				GCC_WARN_64_TO_32_BIT_CONVERSION = YES;
				GCC_WARN_ABOUT_RETURN_TYPE = YES_ERROR;
				GCC_WARN_UNDECLARED_SELECTOR = YES;
				GCC_WARN_UNINITIALIZED_AUTOS = YES_AGGRESSIVE;
				GCC_WARN_UNUSED_FUNCTION = YES;
				GCC_WARN_UNUSED_VARIABLE = YES;
				IPHONEOS_DEPLOYMENT_TARGET = 7.1;
				ONLY_ACTIVE_ARCH = YES;
				SDKROOT = iphoneos;
				TARGETED_DEVICE_FAMILY = 2;
			};
			name = Debug;
		};
		5AFFC9D1191037B7000B2220 /* Release */ = {
			isa = XCBuildConfiguration;
			buildSettings = {
				ALWAYS_SEARCH_USER_PATHS = NO;
				CLANG_CXX_LANGUAGE_STANDARD = "gnu++0x";
				CLANG_CXX_LIBRARY = "libc++";
				CLANG_ENABLE_MODULES = YES;
				CLANG_ENABLE_OBJC_ARC = YES;
				CLANG_WARN_BOOL_CONVERSION = YES;
				CLANG_WARN_CONSTANT_CONVERSION = YES;
				CLANG_WARN_DIRECT_OBJC_ISA_USAGE = YES_ERROR;
				CLANG_WARN_EMPTY_BODY = YES;
				CLANG_WARN_ENUM_CONVERSION = YES;
				CLANG_WARN_INT_CONVERSION = YES;
				CLANG_WARN_OBJC_ROOT_CLASS = YES_ERROR;
				CLANG_WARN__DUPLICATE_METHOD_MATCH = YES;
				"CODE_SIGN_IDENTITY[sdk=iphoneos*]" = "iPhone Developer";
				COPY_PHASE_STRIP = YES;
				ENABLE_NS_ASSERTIONS = NO;
				GCC_C_LANGUAGE_STANDARD = gnu99;
				GCC_WARN_64_TO_32_BIT_CONVERSION = YES;
				GCC_WARN_ABOUT_RETURN_TYPE = YES_ERROR;
				GCC_WARN_UNDECLARED_SELECTOR = YES;
				GCC_WARN_UNINITIALIZED_AUTOS = YES_AGGRESSIVE;
				GCC_WARN_UNUSED_FUNCTION = YES;
				GCC_WARN_UNUSED_VARIABLE = YES;
				IPHONEOS_DEPLOYMENT_TARGET = 7.1;
				SDKROOT = iphoneos;
				TARGETED_DEVICE_FAMILY = 2;
				VALIDATE_PRODUCT = YES;
			};
			name = Release;
		};
		5AFFC9D3191037B7000B2220 /* Debug */ = {
			isa = XCBuildConfiguration;
			buildSettings = {
				ASSETCATALOG_COMPILER_APPICON_NAME = AppIcon;
				ASSETCATALOG_COMPILER_LAUNCHIMAGE_NAME = LaunchImage;
				GCC_PRECOMPILE_PREFIX_HEADER = YES;
				GCC_PREFIX_HEADER = "fundamay/fundamay-Prefix.pch";
				INFOPLIST_FILE = "fundamay/fundamay-Info.plist";
				PRODUCT_NAME = "$(TARGET_NAME)";
				WRAPPER_EXTENSION = app;
			};
			name = Debug;
		};
		5AFFC9D4191037B7000B2220 /* Release */ = {
			isa = XCBuildConfiguration;
			buildSettings = {
				ASSETCATALOG_COMPILER_APPICON_NAME = AppIcon;
				ASSETCATALOG_COMPILER_LAUNCHIMAGE_NAME = LaunchImage;
				GCC_PRECOMPILE_PREFIX_HEADER = YES;
				GCC_PREFIX_HEADER = "fundamay/fundamay-Prefix.pch";
				INFOPLIST_FILE = "fundamay/fundamay-Info.plist";
				PRODUCT_NAME = "$(TARGET_NAME)";
				WRAPPER_EXTENSION = app;
			};
			name = Release;
		};
		5AFFC9D6191037B7000B2220 /* Debug */ = {
			isa = XCBuildConfiguration;
			buildSettings = {
				BUNDLE_LOADER = "$(BUILT_PRODUCTS_DIR)/fundamay.app/fundamay";
				FRAMEWORK_SEARCH_PATHS = (
					"$(SDKROOT)/Developer/Library/Frameworks",
					"$(inherited)",
					"$(DEVELOPER_FRAMEWORKS_DIR)",
				);
				GCC_PRECOMPILE_PREFIX_HEADER = YES;
				GCC_PREFIX_HEADER = "fundamay/fundamay-Prefix.pch";
				GCC_PREPROCESSOR_DEFINITIONS = (
					"DEBUG=1",
					"$(inherited)",
				);
				INFOPLIST_FILE = "fundamayTests/fundamayTests-Info.plist";
				PRODUCT_NAME = "$(TARGET_NAME)";
				TEST_HOST = "$(BUNDLE_LOADER)";
				WRAPPER_EXTENSION = xctest;
			};
			name = Debug;
		};
		5AFFC9D7191037B7000B2220 /* Release */ = {
			isa = XCBuildConfiguration;
			buildSettings = {
				BUNDLE_LOADER = "$(BUILT_PRODUCTS_DIR)/fundamay.app/fundamay";
				FRAMEWORK_SEARCH_PATHS = (
					"$(SDKROOT)/Developer/Library/Frameworks",
					"$(inherited)",
					"$(DEVELOPER_FRAMEWORKS_DIR)",
				);
				GCC_PRECOMPILE_PREFIX_HEADER = YES;
				GCC_PREFIX_HEADER = "fundamay/fundamay-Prefix.pch";
				INFOPLIST_FILE = "fundamayTests/fundamayTests-Info.plist";
				PRODUCT_NAME = "$(TARGET_NAME)";
				TEST_HOST = "$(BUNDLE_LOADER)";
				WRAPPER_EXTENSION = xctest;
			};
			name = Release;
		};
/* End XCBuildConfiguration section */

/* Begin XCConfigurationList section */
		5AFFC99B191037B6000B2220 /* Build configuration list for PBXProject "fundamay" */ = {
			isa = XCConfigurationList;
			buildConfigurations = (
				5AFFC9D0191037B7000B2220 /* Debug */,
				5AFFC9D1191037B7000B2220 /* Release */,
			);
			defaultConfigurationIsVisible = 0;
			defaultConfigurationName = Release;
		};
		5AFFC9D2191037B7000B2220 /* Build configuration list for PBXNativeTarget "fundamay" */ = {
			isa = XCConfigurationList;
			buildConfigurations = (
				5AFFC9D3191037B7000B2220 /* Debug */,
				5AFFC9D4191037B7000B2220 /* Release */,
			);
			defaultConfigurationIsVisible = 0;
			defaultConfigurationName = Release;
		};
		5AFFC9D5191037B7000B2220 /* Build configuration list for PBXNativeTarget "fundamayTests" */ = {
			isa = XCConfigurationList;
			buildConfigurations = (
				5AFFC9D6191037B7000B2220 /* Debug */,
				5AFFC9D7191037B7000B2220 /* Release */,
			);
			defaultConfigurationIsVisible = 0;
			defaultConfigurationName = Release;
		};
/* End XCConfigurationList section */
	};
	rootObject = 5AFFC998191037B6000B2220 /* Project object */;
}
